{
  "name": "js_get_data_DOM",
  "lockfileVersion": 3,
  "requires": true,
  "packages": {
    "": {
      "devDependencies": {
        "@parcel/transformer-sass": "^2.16.4"
      }
    },
    "node_modules/@lezer/common": {
      "version": "1.5.1",
      "resolved": "https://registry.npmjs.org/@lezer/common/-/common-1.5.1.tgz",
      "integrity": "sha512-6YRVG9vBkaY7p1IVxL4s44n5nUnaNnGM2/AckNgYOnxTG2kWh1vR8BMxPseWPjRNpb5VtXnMpeYAEAADoRV1Iw==",
      "dev": true,
      "license": "MIT"
    },
    "node_modules/@lezer/lr": {
      "version": "1.4.8",
      "resolved": "https://registry.npmjs.org/@lezer/lr/-/lr-1.4.8.tgz",
      "integrity": "sha512-bPWa0Pgx69ylNlMlPvBPryqeLYQjyJjqPx+Aupm5zydLIF3NE+6MMLT8Yi23Bd9cif9VS00aUebn+6fDIGBcDA==",
      "dev": true,
      "license": "MIT",
      "dependencies": {
        "@lezer/common": "^1.0.0"
      }
    },
    "node_modules/@lmdb/lmdb-darwin-arm64": {
      "version": "2.8.5",
      "resolved": "https://registry.npmjs.org/@lmdb/lmdb-darwin-arm64/-/lmdb-darwin-arm64-2.8.5.tgz",
      "integrity": "sha512-KPDeVScZgA1oq0CiPBcOa3kHIqU+pTOwRFDIhxvmf8CTNvqdZQYp5cCKW0bUk69VygB2PuTiINFWbY78aR2pQw==",
      "cpu": [
        "arm64"
      ],
      "dev": true,
      "license": "MIT",
      "optional": true,
      "os": [
        "darwin"
      ],
      "peer": true
    },
    "node_modules/@mischnic/json-sourcemap": {
      "version": "0.1.1",
      "resolved": "https://registry.npmjs.org/@mischnic/json-sourcemap/-/json-sourcemap-0.1.1.tgz",
      "integrity": "sha512-iA7+tyVqfrATAIsIRWQG+a7ZLLD0VaOCKV2Wd/v4mqIU3J9c4jx9p7S0nw1XH3gJCKNBOOwACOPYYSUu9pgT+w==",
      "dev": true,
      "license": "MIT",
      "dependencies": {
        "@lezer/common": "^1.0.0",
        "@lezer/lr": "^1.0.0",
        "json5": "^2.2.1"
      },
      "engines": {
        "node": ">=12.0.0"
      }
    },
    "node_modules/@msgpackr-extract/msgpackr-extract-darwin-arm64": {
      "version": "3.0.3",
      "resolved": "https://registry.npmjs.org/@msgpackr-extract/msgpackr-extract-darwin-arm64/-/msgpackr-extract-darwin-arm64-3.0.3.tgz",
      "integrity": "sha512-QZHtlVgbAdy2zAqNA9Gu1UpIuI8Xvsd1v8ic6B2pZmeFnFcMWiPLfWXh7TVw4eGEZ/C9TH281KwhVoeQUKbyjw==",
      "cpu": [
        "arm64"
      ],
      "dev": true,
      "license": "MIT",
      "optional": true,
      "os": [
        "darwin"
      ],
      "peer": true
    },
    "node_modules/@parcel/cache": {
      "version": "2.16.4",
      "resolved": "https://registry.npmjs.org/@parcel/cache/-/cache-2.16.4.tgz",
      "integrity": "sha512-+uCyeElSga2MBbmbXpIj/WVKH7TByCrKaxtHbelfKKIJpYMgEHVjO4cuc7GUfTrUAmRUS8ZGvnX7Etgq6/jQhw==",
      "dev": true,
      "license": "MIT",
      "peer": true,
      "dependencies": {
        "@parcel/fs": "2.16.4",
        "@parcel/logger": "2.16.4",
        "@parcel/utils": "2.16.4",
        "lmdb": "2.8.5"
      },
      "engines": {
        "node": ">= 16.0.0"
      },
      "funding": {
        "type": "opencollective",
        "url": "https://opencollective.com/parcel"
      },
      "peerDependencies": {
        "@parcel/core": "^2.16.4"
      }
    },
    "node_modules/@parcel/codeframe": {
      "version": "2.16.4",
      "resolved": "https://registry.npmjs.org/@parcel/codeframe/-/codeframe-2.16.4.tgz",
      "integrity": "sha512-s64aMfOJoPrXhKH+Y98ahX0O8aXWvTR+uNlOaX4yFkpr4FFDnviLcGngDe/Yo4Qq2FJZ0P6dNswbJTUH9EGxkQ==",
      "dev": true,
      "license": "MIT",
      "dependencies": {
        "chalk": "^4.1.2"
      },
      "engines": {
        "node": ">= 16.0.0"
      },
      "funding": {
        "type": "opencollective",
        "url": "https://opencollective.com/parcel"
      }
    },
    "node_modules/@parcel/codeframe/node_modules/chalk": {
      "version": "4.1.2",
      "resolved": "https://registry.npmjs.org/chalk/-/chalk-4.1.2.tgz",
      "integrity": "sha512-oKnbhFyRIXpUuez8iBMmyEa4nbj4IOQyuhc/wy9kY7/WVPcwIO9VA668Pu8RkO7+0G76SLROeyw9CpQ061i4mA==",
      "dev": true,
      "license": "MIT",
      "dependencies": {
        "ansi-styles": "^4.1.0",
        "supports-color": "^7.1.0"
      },
      "engines": {
        "node": ">=10"
      },
      "funding": {
        "url": "https://github.com/chalk/chalk?sponsor=1"
      }
    },
    "node_modules/@parcel/core": {
      "version": "2.16.4",
      "resolved": "https://registry.npmjs.org/@parcel/core/-/core-2.16.4.tgz",
      "integrity": "sha512-a0CgrW5A5kwuSu5J1RFRoMQaMs9yagvfH2jJMYVw56+/7NRI4KOtu612SG9Y1ERWfY55ZwzyFxtLWvD6LO+Anw==",
      "dev": true,
      "license": "MIT",
      "peer": true,
      "dependencies": {
        "@mischnic/json-sourcemap": "^0.1.1",
        "@parcel/cache": "2.16.4",
        "@parcel/diagnostic": "2.16.4",
        "@parcel/events": "2.16.4",
        "@parcel/feature-flags": "2.16.4",
        "@parcel/fs": "2.16.4",
        "@parcel/graph": "3.6.4",
        "@parcel/logger": "2.16.4",
        "@parcel/package-manager": "2.16.4",
        "@parcel/plugin": "2.16.4",
        "@parcel/profiler": "2.16.4",
        "@parcel/rust": "2.16.4",
        "@parcel/source-map": "^2.1.1",
        "@parcel/types": "2.16.4",
        "@parcel/utils": "2.16.4",
        "@parcel/workers": "2.16.4",
        "base-x": "^3.0.11",
        "browserslist": "^4.24.5",
        "clone": "^2.1.2",
        "dotenv": "^16.5.0",
        "dotenv-expand": "^11.0.7",
        "json5": "^2.2.3",
        "msgpackr": "^1.11.2",
        "nullthrows": "^1.1.1",
        "semver": "^7.7.1"
      },
      "engines": {
        "node": ">= 16.0.0"
      },
      "funding": {
        "type": "opencollective",
        "url": "https://opencollective.com/parcel"
      }
    },
    "node_modules/@parcel/core/node_modules/dotenv": {
      "version": "16.6.1",
      "resolved": "https://registry.npmjs.org/dotenv/-/dotenv-16.6.1.tgz",
      "integrity": "sha512-uBq4egWHTcTt33a72vpSG0z3HnPuIl6NqYcTrKEg2azoEyl2hpW0zqlxysq2pK9HlDIHyHyakeYaYnSAwd8bow==",
      "dev": true,
      "license": "BSD-2-Clause",
      "peer": true,
      "engines": {
        "node": ">=12"
      },
      "funding": {
        "url": "https://dotenvx.com"
      }
    },
    "node_modules/@parcel/core/node_modules/semver": {
      "version": "7.7.4",
      "resolved": "https://registry.npmjs.org/semver/-/semver-7.7.4.tgz",
      "integrity": "sha512-vFKC2IEtQnVhpT78h1Yp8wzwrf8CM+MzKMHGJZfBtzhZNycRFnXsHk6E5TxIkkMsgNS7mdX3AGB7x2QM2di4lA==",
      "dev": true,
      "license": "ISC",
      "peer": true,
      "bin": {
        "semver": "bin/semver.js"
      },
      "engines": {
        "node": ">=10"
      }
    },
    "node_modules/@parcel/diagnostic": {
      "version": "2.16.4",
      "resolved": "https://registry.npmjs.org/@parcel/diagnostic/-/diagnostic-2.16.4.tgz",
      "integrity": "sha512-YN5CfX7lFd6yRLxyZT4Sj3sR6t7nnve4TdXSIqapXzQwL7Bw+sj79D95wTq2rCm3mzk5SofGxFAXul2/nG6gcQ==",
      "dev": true,
      "license": "MIT",
      "dependencies": {
        "@mischnic/json-sourcemap": "^0.1.1",
        "nullthrows": "^1.1.1"
      },
      "engines": {
        "node": ">= 16.0.0"
      },
      "funding": {
        "type": "opencollective",
        "url": "https://opencollective.com/parcel"
      }
    },
    "node_modules/@parcel/events": {
      "version": "2.16.4",
      "resolved": "https://registry.npmjs.org/@parcel/events/-/events-2.16.4.tgz",
      "integrity": "sha512-slWQkBRAA7o0cN0BLEd+yCckPmlVRVhBZn5Pn6ktm4EzEtrqoMzMeJOxxH8TXaRzrQDYnTcnYIHFgXWd4kkUfg==",
      "dev": true,
      "license": "MIT",
      "engines": {
        "node": ">= 16.0.0"
      },
      "funding": {
        "type": "opencollective",
        "url": "https://opencollective.com/parcel"
      }
    },
    "node_modules/@parcel/feature-flags": {
      "version": "2.16.4",
      "resolved": "https://registry.npmjs.org/@parcel/feature-flags/-/feature-flags-2.16.4.tgz",
      "integrity": "sha512-nYdx53siKPLYikHHxfzgjzzgxdrjquK6DMnuSgOTyIdRG4VHdEN0+NqKijRLuVgiUFo/dtxc2h+amwqFENMw8w==",
      "dev": true,
      "license": "MIT",
      "engines": {
        "node": ">= 16.0.0"
      },
      "funding": {
        "type": "opencollective",
        "url": "https://opencollective.com/parcel"
      }
    },
    "node_modules/@parcel/fs": {
      "version": "2.16.4",
      "resolved": "https://registry.npmjs.org/@parcel/fs/-/fs-2.16.4.tgz",
      "integrity": "sha512-maCMOiVn7oJYZlqlfxgLne8n6tSktIT1k0AeyBp4UGWCXyeJUJ+nL7QYShFpKNLtMLeF0cEtgwRAknWzbcDS1g==",
      "dev": true,
      "license": "MIT",
      "peer": true,
      "dependencies": {
        "@parcel/feature-flags": "2.16.4",
        "@parcel/rust": "2.16.4",
        "@parcel/types-internal": "2.16.4",
        "@parcel/utils": "2.16.4",
        "@parcel/watcher": "^2.0.7",
        "@parcel/workers": "2.16.4"
      },
      "engines": {
        "node": ">= 16.0.0"
      },
      "funding": {
        "type": "opencollective",
        "url": "https://opencollective.com/parcel"
      },
      "peerDependencies": {
        "@parcel/core": "^2.16.4"
      }
    },
    "node_modules/@parcel/graph": {
      "version": "3.6.4",
      "resolved": "https://registry.npmjs.org/@parcel/graph/-/graph-3.6.4.tgz",
      "integrity": "sha512-Cj9yV+/k88kFhE+D+gz0YuNRpvNOCVDskO9pFqkcQhGbsGq6kg2XpZ9V7HlYraih31xf8Vb589bZOwjKIiHixQ==",
      "dev": true,
      "license": "MIT",
      "peer": true,
      "dependencies": {
        "@parcel/feature-flags": "2.16.4",
        "nullthrows": "^1.1.1"
      },
      "engines": {
        "node": ">= 16.0.0"
      },
      "funding": {
        "type": "opencollective",
        "url": "https://opencollective.com/parcel"
      }
    },
    "node_modules/@parcel/logger": {
      "version": "2.16.4",
      "resolved": "https://registry.npmjs.org/@parcel/logger/-/logger-2.16.4.tgz",
      "integrity": "sha512-QR8QLlKo7xAy9JBpPDAh0RvluaixqPCeyY7Fvo2K7hrU3r85vBNNi06pHiPbWoDmB4x1+QoFwMaGnJOHR+/fMA==",
      "dev": true,
      "license": "MIT",
      "dependencies": {
        "@parcel/diagnostic": "2.16.4",
        "@parcel/events": "2.16.4"
      },
      "engines": {
        "node": ">= 16.0.0"
      },
      "funding": {
        "type": "opencollective",
        "url": "https://opencollective.com/parcel"
      }
    },
    "node_modules/@parcel/markdown-ansi": {
      "version": "2.16.4",
      "resolved": "https://registry.npmjs.org/@parcel/markdown-ansi/-/markdown-ansi-2.16.4.tgz",
      "integrity": "sha512-0+oQApAVF3wMcQ6d1ZfZ0JsRzaMUYj9e4U+naj6YEsFsFGOPp+pQYKXBf1bobQeeB7cPKPT3SUHxFqced722Hw==",
      "dev": true,
      "license": "MIT",
      "dependencies": {
        "chalk": "^4.1.2"
      },
      "engines": {
        "node": ">= 16.0.0"
      },
      "funding": {
        "type": "opencollective",
        "url": "https://opencollective.com/parcel"
      }
    },
    "node_modules/@parcel/markdown-ansi/node_modules/chalk": {
      "version": "4.1.2",
      "resolved": "https://registry.npmjs.org/chalk/-/chalk-4.1.2.tgz",
      "integrity": "sha512-oKnbhFyRIXpUuez8iBMmyEa4nbj4IOQyuhc/wy9kY7/WVPcwIO9VA668Pu8RkO7+0G76SLROeyw9CpQ061i4mA==",
      "dev": true,
      "license": "MIT",
      "dependencies": {
        "ansi-styles": "^4.1.0",
        "supports-color": "^7.1.0"
      },
      "engines": {
        "node": ">=10"
      },
      "funding": {
        "url": "https://github.com/chalk/chalk?sponsor=1"
      }
    },
    "node_modules/@parcel/node-resolver-core": {
      "version": "3.7.4",
      "resolved": "https://registry.npmjs.org/@parcel/node-resolver-core/-/node-resolver-core-3.7.4.tgz",
      "integrity": "sha512-b3VDG+um6IWW5CTod6M9hQsTX5mdIelKmam7mzxzgqg4j5hnycgTWqPMc9UxhYoUY/Q/PHfWepccNcKtvP5JiA==",
      "dev": true,
      "license": "MIT",
      "peer": true,
      "dependencies": {
        "@mischnic/json-sourcemap": "^0.1.1",
        "@parcel/diagnostic": "2.16.4",
        "@parcel/fs": "2.16.4",
        "@parcel/rust": "2.16.4",
        "@parcel/utils": "2.16.4",
        "nullthrows": "^1.1.1",
        "semver": "^7.7.1"
      },
      "engines": {
        "node": ">= 16.0.0"
      },
      "funding": {
        "type": "opencollective",
        "url": "https://opencollective.com/parcel"
      }
    },
    "node_modules/@parcel/node-resolver-core/node_modules/semver": {
      "version": "7.7.4",
      "resolved": "https://registry.npmjs.org/semver/-/semver-7.7.4.tgz",
      "integrity": "sha512-vFKC2IEtQnVhpT78h1Yp8wzwrf8CM+MzKMHGJZfBtzhZNycRFnXsHk6E5TxIkkMsgNS7mdX3AGB7x2QM2di4lA==",
      "dev": true,
      "license": "ISC",
      "peer": true,
      "bin": {
        "semver": "bin/semver.js"
      },
      "engines": {
        "node": ">=10"
      }
    },
    "node_modules/@parcel/package-manager": {
      "version": "2.16.4",
      "resolved": "https://registry.npmjs.org/@parcel/package-manager/-/package-manager-2.16.4.tgz",
      "integrity": "sha512-obWv9gZgdnkT3Kd+fBkKjhdNEY7zfOP5gVaox5i4nQstVCaVnDlMv5FwLEXwehL+WbwEcGyEGGxOHHkAFKk7Cg==",
      "dev": true,
      "license": "MIT",
      "peer": true,
      "dependencies": {
        "@parcel/diagnostic": "2.16.4",
        "@parcel/fs": "2.16.4",
        "@parcel/logger": "2.16.4",
        "@parcel/node-resolver-core": "3.7.4",
        "@parcel/types": "2.16.4",
        "@parcel/utils": "2.16.4",
        "@parcel/workers": "2.16.4",
        "@swc/core": "^1.11.24",
        "semver": "^7.7.1"
      },
      "engines": {
        "node": ">= 16.0.0"
      },
      "funding": {
        "type": "opencollective",
        "url": "https://opencollective.com/parcel"
      },
      "peerDependencies": {
        "@parcel/core": "^2.16.4"
      }
    },
    "node_modules/@parcel/package-manager/node_modules/semver": {
      "version": "7.7.4",
      "resolved": "https://registry.npmjs.org/semver/-/semver-7.7.4.tgz",
      "integrity": "sha512-vFKC2IEtQnVhpT78h1Yp8wzwrf8CM+MzKMHGJZfBtzhZNycRFnXsHk6E5TxIkkMsgNS7mdX3AGB7x2QM2di4lA==",
      "dev": true,
      "license": "ISC",
      "peer": true,
      "bin": {
        "semver": "bin/semver.js"
      },
      "engines": {
        "node": ">=10"
      }
    },
    "node_modules/@parcel/plugin": {
      "version": "2.16.4",
      "resolved": "https://registry.npmjs.org/@parcel/plugin/-/plugin-2.16.4.tgz",
      "integrity": "sha512-aN2VQoRGC1eB41ZCDbPR/Sp0yKOxe31oemzPx1nJzOuebK2Q6FxSrJ9Bjj9j/YCaLzDtPwelsuLOazzVpXJ6qg==",
      "dev": true,
      "license": "MIT",
      "dependencies": {
        "@parcel/types": "2.16.4"
      },
      "engines": {
        "node": ">= 16.0.0"
      },
      "funding": {
        "type": "opencollective",
        "url": "https://opencollective.com/parcel"
      }
    },
    "node_modules/@parcel/profiler": {
      "version": "2.16.4",
      "resolved": "https://registry.npmjs.org/@parcel/profiler/-/profiler-2.16.4.tgz",
      "integrity": "sha512-R3JhfcnoReTv2sVFHPR2xKZvs3d3IRrBl9sWmAftbIJFwT4rU70/W7IdwfaJVkD/6PzHq9mcgOh1WKL4KAxPdA==",
      "dev": true,
      "license": "MIT",
      "dependencies": {
        "@parcel/diagnostic": "2.16.4",
        "@parcel/events": "2.16.4",
        "@parcel/types-internal": "2.16.4",
        "chrome-trace-event": "^1.0.2"
      },
      "engines": {
        "node": ">= 16.0.0"
      },
      "funding": {
        "type": "opencollective",
        "url": "https://opencollective.com/parcel"
      }
    },
    "node_modules/@parcel/rust": {
      "version": "2.16.4",
      "resolved": "https://registry.npmjs.org/@parcel/rust/-/rust-2.16.4.tgz",
      "integrity": "sha512-RBMKt9rCdv6jr4vXG6LmHtxzO5TuhQvXo1kSoSIF7fURRZ81D1jzBtLxwLmfxCPsofJNqWwdhy5vIvisX+TLlQ==",
      "dev": true,
      "license": "MIT",
      "engines": {
        "node": ">= 16.0.0"
      },
      "funding": {
        "type": "opencollective",
        "url": "https://opencollective.com/parcel"
      },
      "optionalDependencies": {
        "@parcel/rust-darwin-arm64": "2.16.4",
        "@parcel/rust-darwin-x64": "2.16.4",
        "@parcel/rust-linux-arm-gnueabihf": "2.16.4",
        "@parcel/rust-linux-arm64-gnu": "2.16.4",
        "@parcel/rust-linux-arm64-musl": "2.16.4",
        "@parcel/rust-linux-x64-gnu": "2.16.4",
        "@parcel/rust-linux-x64-musl": "2.16.4",
        "@parcel/rust-win32-x64-msvc": "2.16.4"
      },
      "peerDependencies": {
        "napi-wasm": "^1.1.2"
      },
      "peerDependenciesMeta": {
        "napi-wasm": {
          "optional": true
        }
      }
    },
    "node_modules/@parcel/rust-darwin-arm64": {
      "version": "2.16.4",
      "resolved": "https://registry.npmjs.org/@parcel/rust-darwin-arm64/-/rust-darwin-arm64-2.16.4.tgz",
      "integrity": "sha512-P3Se36H9EO1fOlwXqQNQ+RsVKTGn5ztRSUGbLcT8ba6oOMmU1w7J4R810GgsCbwCuF10TJNUMkuD3Q2Sz15Q3Q==",
      "cpu": [
        "arm64"
      ],
      "dev": true,
      "license": "MIT",
      "optional": true,
      "os": [
        "darwin"
      ],
      "engines": {
        "node": ">= 10"
      },
      "funding": {
        "type": "opencollective",
        "url": "https://opencollective.com/parcel"
      }
    },
    "node_modules/@parcel/source-map": {
      "version": "2.1.1",
      "resolved": "https://registry.npmjs.org/@parcel/source-map/-/source-map-2.1.1.tgz",
      "integrity": "sha512-Ejx1P/mj+kMjQb8/y5XxDUn4reGdr+WyKYloBljpppUy8gs42T+BNoEOuRYqDVdgPc6NxduzIDoJS9pOFfV5Ew==",
      "dev": true,
      "license": "MIT",
      "dependencies": {
        "detect-libc": "^1.0.3"
      },
      "engines": {
        "node": "^12.18.3 || >=14"
      }
    },
    "node_modules/@parcel/transformer-sass": {
      "version": "2.16.4",
      "resolved": "https://registry.npmjs.org/@parcel/transformer-sass/-/transformer-sass-2.16.4.tgz",
      "integrity": "sha512-TvYZf7dwgtIVHcxkmOlIz0e28Ec7T6z0Jhzu+WcnFSonnhyrvKuqAxy7QV5EGc6O4qvDWwAQV1lvaLU0te+mQQ==",
      "dev": true,
      "license": "MIT",
      "dependencies": {
        "@parcel/plugin": "2.16.4",
        "@parcel/source-map": "^2.1.1",
        "sass": "^1.88.0"
      },
      "engines": {
        "node": ">= 16.0.0",
        "parcel": "^2.16.4"
      },
      "funding": {
        "type": "opencollective",
        "url": "https://opencollective.com/parcel"
      }
    },
    "node_modules/@parcel/types": {
      "version": "2.16.4",
      "resolved": "https://registry.npmjs.org/@parcel/types/-/types-2.16.4.tgz",
      "integrity": "sha512-ctx4mBskZHXeDVHg4OjMwx18jfYH9BzI/7yqbDQVGvd5lyA+/oVVzYdpele2J2i2sSaJ87cA8nb57GDQ8kHAqA==",
      "dev": true,
      "license": "MIT",
      "dependencies": {
        "@parcel/types-internal": "2.16.4",
        "@parcel/workers": "2.16.4"
      }
    },
    "node_modules/@parcel/types-internal": {
      "version": "2.16.4",
      "resolved": "https://registry.npmjs.org/@parcel/types-internal/-/types-internal-2.16.4.tgz",
      "integrity": "sha512-PE6Qmt5cjzBxX+6MPLiF7r+twoC+V9Skt3zyuBQ+H1c0i9o07Bbz2NKX10nvlPukfmW6Fu/1RvTLkzBZR1bU6A==",
      "dev": true,
      "license": "MIT",
      "dependencies": {
        "@parcel/diagnostic": "2.16.4",
        "@parcel/feature-flags": "2.16.4",
        "@parcel/source-map": "^2.1.1",
        "utility-types": "^3.11.0"
      }
    },
    "node_modules/@parcel/utils": {
      "version": "2.16.4",
      "resolved": "https://registry.npmjs.org/@parcel/utils/-/utils-2.16.4.tgz",
      "integrity": "sha512-lkmxQHcHyOWZLbV8t+h2CGZIkPiBurLm/TS5wNT7+tq0qt9KbVwL7FP2K93TbXhLMGTmpI79Bf3qKniPM167Mw==",
      "dev": true,
      "license": "MIT",
      "dependencies": {
        "@parcel/codeframe": "2.16.4",
        "@parcel/diagnostic": "2.16.4",
        "@parcel/logger": "2.16.4",
        "@parcel/markdown-ansi": "2.16.4",
        "@parcel/rust": "2.16.4",
        "@parcel/source-map": "^2.1.1",
        "chalk": "^4.1.2",
        "nullthrows": "^1.1.1"
      },
      "engines": {
        "node": ">= 16.0.0"
      },
      "funding": {
        "type": "opencollective",
        "url": "https://opencollective.com/parcel"
      }
    },
    "node_modules/@parcel/utils/node_modules/chalk": {
      "version": "4.1.2",
      "resolved": "https://registry.npmjs.org/chalk/-/chalk-4.1.2.tgz",
      "integrity": "sha512-oKnbhFyRIXpUuez8iBMmyEa4nbj4IOQyuhc/wy9kY7/WVPcwIO9VA668Pu8RkO7+0G76SLROeyw9CpQ061i4mA==",
      "dev": true,
      "license": "MIT",
      "dependencies": {
        "ansi-styles": "^4.1.0",
        "supports-color": "^7.1.0"
      },
      "engines": {
        "node": ">=10"
      },
      "funding": {
        "url": "https://github.com/chalk/chalk?sponsor=1"
      }
    },
    "node_modules/@parcel/watcher": {
      "version": "2.5.6",
      "resolved": "https://registry.npmjs.org/@parcel/watcher/-/watcher-2.5.6.tgz",
      "integrity": "sha512-tmmZ3lQxAe/k/+rNnXQRawJ4NjxO2hqiOLTHvWchtGZULp4RyFeh6aU4XdOYBFe2KE1oShQTv4AblOs2iOrNnQ==",
      "dev": true,
      "hasInstallScript": true,
      "license": "MIT",
      "dependencies": {
        "detect-libc": "^2.0.3",
        "is-glob": "^4.0.3",
        "node-addon-api": "^7.0.0",
        "picomatch": "^4.0.3"
      },
      "engines": {
        "node": ">= 10.0.0"
      },
      "funding": {
        "type": "opencollective",
        "url": "https://opencollective.com/parcel"
      },
      "optionalDependencies": {
        "@parcel/watcher-android-arm64": "2.5.6",
        "@parcel/watcher-darwin-arm64": "2.5.6",
        "@parcel/watcher-darwin-x64": "2.5.6",
        "@parcel/watcher-freebsd-x64": "2.5.6",
        "@parcel/watcher-linux-arm-glibc": "2.5.6",
        "@parcel/watcher-linux-arm-musl": "2.5.6",
        "@parcel/watcher-linux-arm64-glibc": "2.5.6",
        "@parcel/watcher-linux-arm64-musl": "2.5.6",
        "@parcel/watcher-linux-x64-glibc": "2.5.6",
        "@parcel/watcher-linux-x64-musl": "2.5.6",
        "@parcel/watcher-win32-arm64": "2.5.6",
        "@parcel/watcher-win32-ia32": "2.5.6",
        "@parcel/watcher-win32-x64": "2.5.6"
      }
    },
    "node_modules/@parcel/watcher-darwin-arm64": {
      "version": "2.5.6",
      "resolved": "https://registry.npmjs.org/@parcel/watcher-darwin-arm64/-/watcher-darwin-arm64-2.5.6.tgz",
      "integrity": "sha512-Z2ZdrnwyXvvvdtRHLmM4knydIdU9adO3D4n/0cVipF3rRiwP+3/sfzpAwA/qKFL6i1ModaabkU7IbpeMBgiVEA==",
      "cpu": [
        "arm64"
      ],
      "dev": true,
      "license": "MIT",
      "optional": true,
      "os": [
        "darwin"
      ],
      "peer": true,
      "engines": {
        "node": ">= 10.0.0"
      },
      "funding": {
        "type": "opencollective",
        "url": "https://opencollective.com/parcel"
      }
    },
    "node_modules/@parcel/watcher/node_modules/detect-libc": {
      "version": "2.1.2",
      "resolved": "https://registry.npmjs.org/detect-libc/-/detect-libc-2.1.2.tgz",
      "integrity": "sha512-Btj2BOOO83o3WyH59e8MgXsxEQVcarkUOpEYrubB0urwnN10yQ364rsiByU11nZlqWYZm05i/of7io4mzihBtQ==",
      "dev": true,
      "license": "Apache-2.0",
      "engines": {
        "node": ">=8"
      }
    },
    "node_modules/@parcel/workers": {
      "version": "2.16.4",
      "resolved": "https://registry.npmjs.org/@parcel/workers/-/workers-2.16.4.tgz",
      "integrity": "sha512-dkBEWqnHXDZnRbTZouNt4uEGIslJT+V0c8OH1MPOfjISp1ucD6/u9ET8k9d/PxS9h1hL53og0SpBuuSEPLDl6A==",
      "dev": true,
      "license": "MIT",
      "dependencies": {
        "@parcel/diagnostic": "2.16.4",
        "@parcel/logger": "2.16.4",
        "@parcel/profiler": "2.16.4",
        "@parcel/types-internal": "2.16.4",
        "@parcel/utils": "2.16.4",
        "nullthrows": "^1.1.1"
      },
      "engines": {
        "node": ">= 16.0.0"
      },
      "funding": {
        "type": "opencollective",
        "url": "https://opencollective.com/parcel"
      },
      "peerDependencies": {
        "@parcel/core": "^2.16.4"
      }
    },
    "node_modules/@swc/core": {
      "version": "1.15.18",
      "resolved": "https://registry.npmjs.org/@swc/core/-/core-1.15.18.tgz",
      "integrity": "sha512-z87aF9GphWp//fnkRsqvtY+inMVPgYW3zSlXH1kJFvRT5H/wiAn+G32qW5l3oEk63KSF1x3Ov0BfHCObAmT8RA==",
      "dev": true,
      "hasInstallScript": true,
      "license": "Apache-2.0",
      "peer": true,
      "dependencies": {
        "@swc/counter": "^0.1.3",
        "@swc/types": "^0.1.25"
      },
      "engines": {
        "node": ">=10"
      },
      "funding": {
        "type": "opencollective",
        "url": "https://opencollective.com/swc"
      },
      "optionalDependencies": {
        "@swc/core-darwin-arm64": "1.15.18",
        "@swc/core-darwin-x64": "1.15.18",
        "@swc/core-linux-arm-gnueabihf": "1.15.18",
        "@swc/core-linux-arm64-gnu": "1.15.18",
        "@swc/core-linux-arm64-musl": "1.15.18",
        "@swc/core-linux-x64-gnu": "1.15.18",
        "@swc/core-linux-x64-musl": "1.15.18",
        "@swc/core-win32-arm64-msvc": "1.15.18",
        "@swc/core-win32-ia32-msvc": "1.15.18",
        "@swc/core-win32-x64-msvc": "1.15.18"
      },
      "peerDependencies": {
        "@swc/helpers": ">=0.5.17"
      },
      "peerDependenciesMeta": {
        "@swc/helpers": {
          "optional": true
        }
      }
    },
    "node_modules/@swc/core-darwin-arm64": {
      "version": "1.15.18",
      "resolved": "https://registry.npmjs.org/@swc/core-darwin-arm64/-/core-darwin-arm64-1.15.18.tgz",
      "integrity": "sha512-+mIv7uBuSaywN3C9LNuWaX1jJJ3SKfiJuE6Lr3bd+/1Iv8oMU7oLBjYMluX1UrEPzwN2qCdY6Io0yVicABoCwQ==",
      "cpu": [
        "arm64"
      ],
      "dev": true,
      "license": "Apache-2.0 AND MIT",
      "optional": true,
      "os": [
        "darwin"
      ],
      "peer": true,
      "engines": {
        "node": ">=10"
      }
    },
    "node_modules/@swc/counter": {
      "version": "0.1.3",
      "resolved": "https://registry.npmjs.org/@swc/counter/-/counter-0.1.3.tgz",
      "integrity": "sha512-e2BR4lsJkkRlKZ/qCHPw9ZaSxc0MVUd7gtbtaB7aMvHeJVYe8sOB8DBZkP2DtISHGSku9sCK6T6cnY0CtXrOCQ==",
      "dev": true,
      "license": "Apache-2.0",
      "peer": true
    },
    "node_modules/@swc/helpers": {
      "version": "0.5.19",
      "resolved": "https://registry.npmjs.org/@swc/helpers/-/helpers-0.5.19.tgz",
      "integrity": "sha512-QamiFeIK3txNjgUTNppE6MiG3p7TdninpZu0E0PbqVh1a9FNLT2FRhisaa4NcaX52XVhA5l7Pk58Ft7Sqi/2sA==",
      "dev": true,
      "license": "Apache-2.0",
      "optional": true,
      "peer": true,
      "dependencies": {
        "tslib": "^2.8.0"
      }
    },
    "node_modules/@swc/types": {
      "version": "0.1.25",
      "resolved": "https://registry.npmjs.org/@swc/types/-/types-0.1.25.tgz",
      "integrity": "sha512-iAoY/qRhNH8a/hBvm3zKj9qQ4oc2+3w1unPJa2XvTK3XjeLXtzcCingVPw/9e5mn1+0yPqxcBGp9Jf0pkfMb1g==",
      "dev": true,
      "license": "Apache-2.0",
      "peer": true,
      "dependencies": {
        "@swc/counter": "^0.1.3"
      }
    },
    "node_modules/ansi-styles": {
      "version": "4.3.0",
      "resolved": "https://registry.npmjs.org/ansi-styles/-/ansi-styles-4.3.0.tgz",
      "integrity": "sha512-zbB9rCJAT1rbjiVDb2hqKFHNYLxgtk8NURxZ3IZwD3F6NtxbXZQCnnSi1Lkx+IDohdPlFp222wVALIheZJQSEg==",
      "dev": true,
      "license": "MIT",
      "dependencies": {
        "color-convert": "^2.0.1"
      },
      "engines": {
        "node": ">=8"
      },
      "funding": {
        "url": "https://github.com/chalk/ansi-styles?sponsor=1"
      }
    },
    "node_modules/base-x": {
      "version": "3.0.11",
      "resolved": "https://registry.npmjs.org/base-x/-/base-x-3.0.11.tgz",
      "integrity": "sha512-xz7wQ8xDhdyP7tQxwdteLYeFfS68tSMNCZ/Y37WJ4bhGfKPpqEIlmIyueQHqOyoPhE6xNUqjzRr8ra0eF9VRvA==",
      "dev": true,
      "license": "MIT",
      "peer": true,
      "dependencies": {
        "safe-buffer": "^5.0.1"
      }
    },
    "node_modules/baseline-browser-mapping": {
      "version": "2.10.0",
      "resolved": "https://registry.npmjs.org/baseline-browser-mapping/-/baseline-browser-mapping-2.10.0.tgz",
      "integrity": "sha512-lIyg0szRfYbiy67j9KN8IyeD7q7hcmqnJ1ddWmNt19ItGpNN64mnllmxUNFIOdOm6by97jlL6wfpTTJrmnjWAA==",
      "dev": true,
      "license": "Apache-2.0",
      "peer": true,
      "bin": {
        "baseline-browser-mapping": "dist/cli.cjs"
      },
      "engines": {
        "node": ">=6.0.0"
      }
    },
    "node_modules/browserslist": {
      "version": "4.28.1",
      "resolved": "https://registry.npmjs.org/browserslist/-/browserslist-4.28.1.tgz",
      "integrity": "sha512-ZC5Bd0LgJXgwGqUknZY/vkUQ04r8NXnJZ3yYi4vDmSiZmC/pdSN0NbNRPxZpbtO4uAfDUAFffO8IZoM3Gj8IkA==",
      "dev": true,
      "funding": [
        {
          "type": "opencollective",
          "url": "https://opencollective.com/browserslist"
        },
        {
          "type": "tidelift",
          "url": "https://tidelift.com/funding/github/npm/browserslist"
        },
        {
          "type": "github",
          "url": "https://github.com/sponsors/ai"
        }
      ],
      "license": "MIT",
      "peer": true,
      "dependencies": {
        "baseline-browser-mapping": "^2.9.0",
        "caniuse-lite": "^1.0.30001759",
        "electron-to-chromium": "^1.5.263",
        "node-releases": "^2.0.27",
        "update-browserslist-db": "^1.2.0"
      },
      "bin": {
        "browserslist": "cli.js"
      },
      "engines": {
        "node": "^6 || ^7 || ^8 || ^9 || ^10 || ^11 || ^12 || >=13.7"
      }
    },
    "node_modules/caniuse-lite": {
      "version": "1.0.30001777",
      "resolved": "https://registry.npmjs.org/caniuse-lite/-/caniuse-lite-1.0.30001777.tgz",
      "integrity": "sha512-tmN+fJxroPndC74efCdp12j+0rk0RHwV5Jwa1zWaFVyw2ZxAuPeG8ZgWC3Wz7uSjT3qMRQ5XHZ4COgQmsCMJAQ==",
      "dev": true,
      "funding": [
        {
          "type": "opencollective",
          "url": "https://opencollective.com/browserslist"
        },
        {
          "type": "tidelift",
          "url": "https://tidelift.com/funding/github/npm/caniuse-lite"
        },
        {
          "type": "github",
          "url": "https://github.com/sponsors/ai"
        }
      ],
      "license": "CC-BY-4.0",
      "peer": true
    },
    "node_modules/chokidar": {
      "version": "4.0.3",
      "resolved": "https://registry.npmjs.org/chokidar/-/chokidar-4.0.3.tgz",
      "integrity": "sha512-Qgzu8kfBvo+cA4962jnP1KkS6Dop5NS6g7R5LFYJr4b8Ub94PPQXUksCw9PvXoeXPRRddRNC5C1JQUR2SMGtnA==",
      "dev": true,
      "license": "MIT",
      "dependencies": {
        "readdirp": "^4.0.1"
      },
      "engines": {
        "node": ">= 14.16.0"
      },
      "funding": {
        "url": "https://paulmillr.com/funding/"
      }
    },
    "node_modules/chrome-trace-event": {
      "version": "1.0.4",
      "resolved": "https://registry.npmjs.org/chrome-trace-event/-/chrome-trace-event-1.0.4.tgz",
      "integrity": "sha512-rNjApaLzuwaOTjCiT8lSDdGN1APCiqkChLMJxJPWLunPAt5fy8xgU9/jNOchV84wfIxrA0lRQB7oCT8jrn/wrQ==",
      "dev": true,
      "license": "MIT",
      "engines": {
        "node": ">=6.0"
      }
    },
    "node_modules/clone": {
      "version": "2.1.2",
      "resolved": "https://registry.npmjs.org/clone/-/clone-2.1.2.tgz",
      "integrity": "sha512-3Pe/CF1Nn94hyhIYpjtiLhdCoEoz0DqQ+988E9gmeEdQZlojxnOb74wctFyuwWQHzqyf9X7C7MG8juUpqBJT8w==",
      "dev": true,
      "license": "MIT",
      "peer": true,
      "engines": {
        "node": ">=0.8"
      }
    },
    "node_modules/color-convert": {
      "version": "2.0.1",
      "resolved": "https://registry.npmjs.org/color-convert/-/color-convert-2.0.1.tgz",
      "integrity": "sha512-RRECPsj7iu/xb5oKYcsFHSppFNnsj/52OVTRKb4zP5onXwVF3zVmmToNcOfGC+CRDpfK/U584fMg38ZHCaElKQ==",
      "dev": true,
      "license": "MIT",
      "dependencies": {
        "color-name": "~1.1.4"
      },
      "engines": {
        "node": ">=7.0.0"
      }
    },
    "node_modules/color-name": {
      "version": "1.1.4",
      "resolved": "https://registry.npmjs.org/color-name/-/color-name-1.1.4.tgz",
      "integrity": "sha512-dOy+3AuW3a2wNbZHIuMZpTcgjGuLU/uBL/ubcZF9OXbDo8ff4O8yVp5Bf0efS8uEoYo5q4Fx7dY9OgQGXgAsQA==",
      "dev": true,
      "license": "MIT"
    },
    "node_modules/detect-libc": {
      "version": "1.0.3",
      "resolved": "https://registry.npmjs.org/detect-libc/-/detect-libc-1.0.3.tgz",
      "integrity": "sha512-pGjwhsmsp4kL2RTz08wcOlGN83otlqHeD/Z5T8GXZB+/YcpQ/dgo+lbU8ZsGxV0HIvqqxo9l7mqYwyYMD9bKDg==",
      "dev": true,
      "license": "Apache-2.0",
      "bin": {
        "detect-libc": "bin/detect-libc.js"
      },
      "engines": {
        "node": ">=0.10"
      }
    },
    "node_modules/dotenv-expand": {
      "version": "11.0.7",
      "resolved": "https://registry.npmjs.org/dotenv-expand/-/dotenv-expand-11.0.7.tgz",
      "integrity": "sha512-zIHwmZPRshsCdpMDyVsqGmgyP0yT8GAgXUnkdAoJisxvf33k7yO6OuoKmcTGuXPWSsm8Oh88nZicRLA9Y0rUeA==",
      "dev": true,
      "license": "BSD-2-Clause",
      "peer": true,
      "dependencies": {
        "dotenv": "^16.4.5"
      },
      "engines": {
        "node": ">=12"
      },
      "funding": {
        "url": "https://dotenvx.com"
      }
    },
    "node_modules/dotenv-expand/node_modules/dotenv": {
      "version": "16.6.1",
      "resolved": "https://registry.npmjs.org/dotenv/-/dotenv-16.6.1.tgz",
      "integrity": "sha512-uBq4egWHTcTt33a72vpSG0z3HnPuIl6NqYcTrKEg2azoEyl2hpW0zqlxysq2pK9HlDIHyHyakeYaYnSAwd8bow==",
      "dev": true,
      "license": "BSD-2-Clause",
      "peer": true,
      "engines": {
        "node": ">=12"
      },
      "funding": {
        "url": "https://dotenvx.com"
      }
    },
    "node_modules/electron-to-chromium": {
      "version": "1.5.307",
      "resolved": "https://registry.npmjs.org/electron-to-chromium/-/electron-to-chromium-1.5.307.tgz",
      "integrity": "sha512-5z3uFKBWjiNR44nFcYdkcXjKMbg5KXNdciu7mhTPo9tB7NbqSNP2sSnGR+fqknZSCwKkBN+oxiiajWs4dT6ORg==",
      "dev": true,
      "license": "ISC",
      "peer": true
    },
    "node_modules/escalade": {
      "version": "3.2.0",
      "resolved": "https://registry.npmjs.org/escalade/-/escalade-3.2.0.tgz",
      "integrity": "sha512-WUj2qlxaQtO4g6Pq5c29GTcWGDyd8itL8zTlipgECz3JesAiiOKotd8JU6otB3PACgG6xkJUyVhboMS+bje/jA==",
      "dev": true,
      "license": "MIT",
      "peer": true,
      "engines": {
        "node": ">=6"
      }
    },
    "node_modules/has-flag": {
      "version": "4.0.0",
      "resolved": "https://registry.npmjs.org/has-flag/-/has-flag-4.0.0.tgz",
      "integrity": "sha512-EykJT/Q1KjTWctppgIAgfSO0tKVuZUjhgMr17kqTumMl6Afv3EISleU7qZUzoXDFTAHTDC4NOoG/ZxU3EvlMPQ==",
      "dev": true,
      "license": "MIT",
      "engines": {
        "node": ">=8"
      }
    },
    "node_modules/immutable": {
      "version": "5.1.5",
      "resolved": "https://registry.npmjs.org/immutable/-/immutable-5.1.5.tgz",
      "integrity": "sha512-t7xcm2siw+hlUM68I+UEOK+z84RzmN59as9DZ7P1l0994DKUWV7UXBMQZVxaoMSRQ+PBZbHCOoBt7a2wxOMt+A==",
      "dev": true,
      "license": "MIT"
    },
    "node_modules/is-extglob": {
      "version": "2.1.1",
      "resolved": "https://registry.npmjs.org/is-extglob/-/is-extglob-2.1.1.tgz",
      "integrity": "sha512-SbKbANkN603Vi4jEZv49LeVJMn4yGwsbzZworEoyEiutsN3nJYdbO36zfhGJ6QEDpOZIFkDtnq5JRxmvl3jsoQ==",
      "dev": true,
      "license": "MIT",
      "engines": {
        "node": ">=0.10.0"
      }
    },
    "node_modules/is-glob": {
      "version": "4.0.3",
      "resolved": "https://registry.npmjs.org/is-glob/-/is-glob-4.0.3.tgz",
      "integrity": "sha512-xelSayHH36ZgE7ZWhli7pW34hNbNl8Ojv5KVmkJD4hBdD3th8Tfk9vYasLM+mXWOZhFkgZfxhLSnrwRr4elSSg==",
      "dev": true,
      "license": "MIT",
      "dependencies": {
        "is-extglob": "^2.1.1"
      },
      "engines": {
        "node": ">=0.10.0"
      }
    },
    "node_modules/json5": {
      "version": "2.2.3",
      "resolved": "https://registry.npmjs.org/json5/-/json5-2.2.3.tgz",
      "integrity": "sha512-XmOWe7eyHYH14cLdVPoyg+GOH3rYX++KpzrylJwSW98t3Nk+U8XOl8FWKOgwtzdb8lXGf6zYwDUzeHMWfxasyg==",
      "dev": true,
      "license": "MIT",
      "bin": {
        "json5": "lib/cli.js"
      },
      "engines": {
        "node": ">=6"
      }
    },
    "node_modules/lmdb": {
      "version": "2.8.5",
      "resolved": "https://registry.npmjs.org/lmdb/-/lmdb-2.8.5.tgz",
      "integrity": "sha512-9bMdFfc80S+vSldBmG3HOuLVHnxRdNTlpzR6QDnzqCQtCzGUEAGTzBKYMeIM+I/sU4oZfgbcbS7X7F65/z/oxQ==",
      "dev": true,
      "hasInstallScript": true,
      "license": "MIT",
      "peer": true,
      "dependencies": {
        "msgpackr": "^1.9.5",
        "node-addon-api": "^6.1.0",
        "node-gyp-build-optional-packages": "5.1.1",
        "ordered-binary": "^1.4.1",
        "weak-lru-cache": "^1.2.2"
      },
      "bin": {
        "download-lmdb-prebuilds": "bin/download-prebuilds.js"
      },
      "optionalDependencies": {
        "@lmdb/lmdb-darwin-arm64": "2.8.5",
        "@lmdb/lmdb-darwin-x64": "2.8.5",
        "@lmdb/lmdb-linux-arm": "2.8.5",
        "@lmdb/lmdb-linux-arm64": "2.8.5",
        "@lmdb/lmdb-linux-x64": "2.8.5",
        "@lmdb/lmdb-win32-x64": "2.8.5"
      }
    },
    "node_modules/lmdb/node_modules/node-addon-api": {
      "version": "6.1.0",
      "resolved": "https://registry.npmjs.org/node-addon-api/-/node-addon-api-6.1.0.tgz",
      "integrity": "sha512-+eawOlIgy680F0kBzPUNFhMZGtJ1YmqM6l4+Crf4IkImjYrO/mqPwRMh352g23uIaQKFItcQ64I7KMaJxHgAVA==",
      "dev": true,
      "license": "MIT",
      "peer": true
    },
    "node_modules/msgpackr": {
      "version": "1.11.9",
      "resolved": "https://registry.npmjs.org/msgpackr/-/msgpackr-1.11.9.tgz",
      "integrity": "sha512-FkoAAyyA6HM8wL882EcEyFZ9s7hVADSwG9xrVx3dxxNQAtgADTrJoEWivID82Iv1zWDsv/OtbrrcZAzGzOMdNw==",
      "dev": true,
      "license": "MIT",
      "peer": true,
      "optionalDependencies": {
        "msgpackr-extract": "^3.0.2"
      }
    },
    "node_modules/msgpackr-extract": {
      "version": "3.0.3",
      "resolved": "https://registry.npmjs.org/msgpackr-extract/-/msgpackr-extract-3.0.3.tgz",
      "integrity": "sha512-P0efT1C9jIdVRefqjzOQ9Xml57zpOXnIuS+csaB4MdZbTdmGDLo8XhzBG1N7aO11gKDDkJvBLULeFTo46wwreA==",
      "dev": true,
      "hasInstallScript": true,
      "license": "MIT",
      "optional": true,
      "peer": true,
      "dependencies": {
        "node-gyp-build-optional-packages": "5.2.2"
      },
      "bin": {
        "download-msgpackr-prebuilds": "bin/download-prebuilds.js"
      },
      "optionalDependencies": {
        "@msgpackr-extract/msgpackr-extract-darwin-arm64": "3.0.3",
        "@msgpackr-extract/msgpackr-extract-darwin-x64": "3.0.3",
        "@msgpackr-extract/msgpackr-extract-linux-arm": "3.0.3",
        "@msgpackr-extract/msgpackr-extract-linux-arm64": "3.0.3",
        "@msgpackr-extract/msgpackr-extract-linux-x64": "3.0.3",
        "@msgpackr-extract/msgpackr-extract-win32-x64": "3.0.3"
      }
    },
    "node_modules/msgpackr-extract/node_modules/detect-libc": {
      "version": "2.1.2",
      "resolved": "https://registry.npmjs.org/detect-libc/-/detect-libc-2.1.2.tgz",
      "integrity": "sha512-Btj2BOOO83o3WyH59e8MgXsxEQVcarkUOpEYrubB0urwnN10yQ364rsiByU11nZlqWYZm05i/of7io4mzihBtQ==",
      "dev": true,
      "license": "Apache-2.0",
      "optional": true,
      "peer": true,
      "engines": {
        "node": ">=8"
      }
    },
    "node_modules/msgpackr-extract/node_modules/node-gyp-build-optional-packages": {
      "version": "5.2.2",
      "resolved": "https://registry.npmjs.org/node-gyp-build-optional-packages/-/node-gyp-build-optional-packages-5.2.2.tgz",
      "integrity": "sha512-s+w+rBWnpTMwSFbaE0UXsRlg7hU4FjekKU4eyAih5T8nJuNZT1nNsskXpxmeqSK9UzkBl6UgRlnKc8hz8IEqOw==",
      "dev": true,
      "license": "MIT",
      "optional": true,
      "peer": true,
      "dependencies": {
        "detect-libc": "^2.0.1"
      },
      "bin": {
        "node-gyp-build-optional-packages": "bin.js",
        "node-gyp-build-optional-packages-optional": "optional.js",
        "node-gyp-build-optional-packages-test": "build-test.js"
      }
    },
    "node_modules/node-addon-api": {
      "version": "7.1.1",
      "resolved": "https://registry.npmjs.org/node-addon-api/-/node-addon-api-7.1.1.tgz",
      "integrity": "sha512-5m3bsyrjFWE1xf7nz7YXdN4udnVtXK6/Yfgn5qnahL6bCkf2yKt4k3nuTKAtT4r3IG8JNR2ncsIMdZuAzJjHQQ==",
      "dev": true,
      "license": "MIT"
    },
    "node_modules/node-gyp-build-optional-packages": {
      "version": "5.1.1",
      "resolved": "https://registry.npmjs.org/node-gyp-build-optional-packages/-/node-gyp-build-optional-packages-5.1.1.tgz",
      "integrity": "sha512-+P72GAjVAbTxjjwUmwjVrqrdZROD4nf8KgpBoDxqXXTiYZZt/ud60dE5yvCSr9lRO8e8yv6kgJIC0K0PfZFVQw==",
      "dev": true,
      "license": "MIT",
      "peer": true,
      "dependencies": {
        "detect-libc": "^2.0.1"
      },
      "bin": {
        "node-gyp-build-optional-packages": "bin.js",
        "node-gyp-build-optional-packages-optional": "optional.js",
        "node-gyp-build-optional-packages-test": "build-test.js"
      }
    },
    "node_modules/node-gyp-build-optional-packages/node_modules/detect-libc": {
      "version": "2.1.2",
      "resolved": "https://registry.npmjs.org/detect-libc/-/detect-libc-2.1.2.tgz",
      "integrity": "sha512-Btj2BOOO83o3WyH59e8MgXsxEQVcarkUOpEYrubB0urwnN10yQ364rsiByU11nZlqWYZm05i/of7io4mzihBtQ==",
      "dev": true,
      "license": "Apache-2.0",
      "peer": true,
      "engines": {
        "node": ">=8"
      }
    },
    "node_modules/node-releases": {
      "version": "2.0.36",
      "resolved": "https://registry.npmjs.org/node-releases/-/node-releases-2.0.36.tgz",
      "integrity": "sha512-TdC8FSgHz8Mwtw9g5L4gR/Sh9XhSP/0DEkQxfEFXOpiul5IiHgHan2VhYYb6agDSfp4KuvltmGApc8HMgUrIkA==",
      "dev": true,
      "license": "MIT",
      "peer": true
    },
    "node_modules/nullthrows": {
      "version": "1.1.1",
      "resolved": "https://registry.npmjs.org/nullthrows/-/nullthrows-1.1.1.tgz",
      "integrity": "sha512-2vPPEi+Z7WqML2jZYddDIfy5Dqb0r2fze2zTxNNknZaFpVHU3mFB3R+DWeJWGVx0ecvttSGlJTI+WG+8Z4cDWw==",
      "dev": true,
      "license": "MIT"
    },
    "node_modules/ordered-binary": {
      "version": "1.6.1",
      "resolved": "https://registry.npmjs.org/ordered-binary/-/ordered-binary-1.6.1.tgz",
      "integrity": "sha512-QkCdPooczexPLiXIrbVOPYkR3VO3T6v2OyKRkR1Xbhpy7/LAVXwahnRCgRp78Oe/Ehf0C/HATAxfSr6eA1oX+w==",
      "dev": true,
      "license": "MIT",
      "peer": true
    },
    "node_modules/picocolors": {
      "version": "1.1.1",
      "resolved": "https://registry.npmjs.org/picocolors/-/picocolors-1.1.1.tgz",
      "integrity": "sha512-xceH2snhtb5M9liqDsmEw56le376mTZkEX/jEb/RxNFyegNul7eNslCXP9FDj/Lcu0X8KEyMceP2ntpaHrDEVA==",
      "dev": true,
      "license": "ISC",
      "peer": true
    },
    "node_modules/picomatch": {
      "version": "4.0.3",
      "resolved": "https://registry.npmjs.org/picomatch/-/picomatch-4.0.3.tgz",
      "integrity": "sha512-5gTmgEY/sqK6gFXLIsQNH19lWb4ebPDLA4SdLP7dsWkIXHWlG66oPuVvXSGFPppYZz8ZDZq0dYYrbHfBCVUb1Q==",
      "dev": true,
      "license": "MIT",
      "engines": {
        "node": ">=12"
      },
      "funding": {
        "url": "https://github.com/sponsors/jonschlinkert"
      }
    },
    "node_modules/readdirp": {
      "version": "4.1.2",
      "resolved": "https://registry.npmjs.org/readdirp/-/readdirp-4.1.2.tgz",
      "integrity": "sha512-GDhwkLfywWL2s6vEjyhri+eXmfH6j1L7JE27WhqLeYzoh/A3DBaYGEj2H/HFZCn/kMfim73FXxEJTw06WtxQwg==",
      "dev": true,
      "license": "MIT",
      "engines": {
        "node": ">= 14.18.0"
      },
      "funding": {
        "type": "individual",
        "url": "https://paulmillr.com/funding/"
      }
    },
    "node_modules/safe-buffer": {
      "version": "5.2.1",
      "resolved": "https://registry.npmjs.org/safe-buffer/-/safe-buffer-5.2.1.tgz",
      "integrity": "sha512-rp3So07KcdmmKbGvgaNxQSJr7bGVSVk5S9Eq1F+ppbRo70+YeaDxkw5Dd8NPN+GD6bjnYm2VuPuCXmpuYvmCXQ==",
      "dev": true,
      "funding": [
        {
          "type": "github",
          "url": "https://github.com/sponsors/feross"
        },
        {
          "type": "patreon",
          "url": "https://www.patreon.com/feross"
        },
        {
          "type": "consulting",
          "url": "https://feross.org/support"
        }
      ],
      "license": "MIT",
      "peer": true
    },
    "node_modules/sass": {
      "version": "1.98.0",
      "resolved": "https://registry.npmjs.org/sass/-/sass-1.98.0.tgz",
      "integrity": "sha512-+4N/u9dZ4PrgzGgPlKnaaRQx64RO0JBKs9sDhQ2pLgN6JQZ25uPQZKQYaBJU48Kd5BxgXoJ4e09Dq7nMcOUW3A==",
      "dev": true,
      "license": "MIT",
      "dependencies": {
        "chokidar": "^4.0.0",
        "immutable": "^5.1.5",
        "source-map-js": ">=0.6.2 <2.0.0"
      },
      "bin": {
        "sass": "sass.js"
      },
      "engines": {
        "node": ">=14.0.0"
      },
      "optionalDependencies": {
        "@parcel/watcher": "^2.4.1"
      }
    },
    "node_modules/source-map-js": {
      "version": "1.2.1",
      "resolved": "https://registry.npmjs.org/source-map-js/-/source-map-js-1.2.1.tgz",
      "integrity": "sha512-UXWMKhLOwVKb728IUtQPXxfYU+usdybtUrK/8uGE8CQMvrhOpwvzDBwj0QhSL7MQc7vIsISBG8VQ8+IDQxpfQA==",
      "dev": true,
      "license": "BSD-3-Clause",
      "engines": {
        "node": ">=0.10.0"
      }
    },
    "node_modules/supports-color": {
      "version": "7.2.0",
      "resolved": "https://registry.npmjs.org/supports-color/-/supports-color-7.2.0.tgz",
      "integrity": "sha512-qpCAvRl9stuOHveKsn7HncJRvv501qIacKzQlO/+Lwxc9+0q2wLyv4Dfvt80/DPn2pqOBsJdDiogXGR9+OvwRw==",
      "dev": true,
      "license": "MIT",
      "dependencies": {
        "has-flag": "^4.0.0"
      },
      "engines": {
        "node": ">=8"
      }
    },
    "node_modules/tslib": {
      "version": "2.8.1",
      "resolved": "https://registry.npmjs.org/tslib/-/tslib-2.8.1.tgz",
      "integrity": "sha512-oJFu94HQb+KVduSUQL7wnpmqnfmLsOA/nAh6b6EH0wCEoK0/mPeXU6c3wKDV83MkOuHPRHtSXKKU99IBazS/2w==",
      "dev": true,
      "license": "0BSD",
      "optional": true,
      "peer": true
    },
    "node_modules/update-browserslist-db": {
      "version": "1.2.3",
      "resolved": "https://registry.npmjs.org/update-browserslist-db/-/update-browserslist-db-1.2.3.tgz",
      "integrity": "sha512-Js0m9cx+qOgDxo0eMiFGEueWztz+d4+M3rGlmKPT+T4IS/jP4ylw3Nwpu6cpTTP8R1MAC1kF4VbdLt3ARf209w==",
      "dev": true,
      "funding": [
        {
          "type": "opencollective",
          "url": "https://opencollective.com/browserslist"
        },
        {
          "type": "tidelift",
          "url": "https://tidelift.com/funding/github/npm/browserslist"
        },
        {
          "type": "github",
          "url": "https://github.com/sponsors/ai"
        }
      ],
      "license": "MIT",
      "peer": true,
      "dependencies": {
        "escalade": "^3.2.0",
        "picocolors": "^1.1.1"
      },
      "bin": {
        "update-browserslist-db": "cli.js"
      },
      "peerDependencies": {
        "browserslist": ">= 4.21.0"
      }
    },
    "node_modules/utility-types": {
      "version": "3.11.0",
      "resolved": "https://registry.npmjs.org/utility-types/-/utility-types-3.11.0.tgz",
      "integrity": "sha512-6Z7Ma2aVEWisaL6TvBCy7P8rm2LQoPv6dJ7ecIaIixHcwfbJ0x7mWdbcwlIM5IGQxPZSFYeqRCqlOOeKoJYMkw==",
      "dev": true,
      "license": "MIT",
      "engines": {
        "node": ">= 4"
      }
    },
    "node_modules/weak-lru-cache": {
      "version": "1.2.2",
      "resolved": "https://registry.npmjs.org/weak-lru-cache/-/weak-lru-cache-1.2.2.tgz",
      "integrity": "sha512-DEAoo25RfSYMuTGc9vPJzZcZullwIqRDSI9LOy+fkCJPi6hykCnfKaXTuPBDuXAUcqHXyOgFtHNp/kB2FjYHbw==",
      "dev": true,
      "license": "MIT",
      "peer": true
    }
  }
}
